lockfileVersion: '9.0'

settings:
  autoInstallPeers: true
  excludeLinksFromLockfile: false

overrides:
  '@finqu/aptl': link:../../../../Library/pnpm/global/5/node_modules/@finqu/aptl

importers:

  .:
    dependencies:
      '@finqu/aptl':
        specifier: link:../../../../Library/pnpm/global/5/node_modules/@finqu/aptl
        version: link:../../../../Library/pnpm/global/5/node_modules/@finqu/aptl
